{
    "_meta": {
        "hash": {
            "sha256": "1b3b81b251e509e44987e8c6e22e8fc1e6582dda842ef223fe25a8734a3cae21"
        },
        "pipfile-spec": 6,
        "requires": {
            "python_version": "3.10"
        },
        "sources": [
            {
                "name": "pypi",
                "url": "https://pypi.org/simple",
                "verify_ssl": true
            }
        ]
    },
    "default": {
        "rofi-blocks": {
            "editable": true,
            "path": "."
        }
    },
    "develop": {}
}
